// !$*UTF8*$!
{
	archiveVersion = 1;
	classes = {
	};
	objectVersion = 46;
	objects = {

/* Begin PBXBuildFile section */
		E24EC1D91DC1B97F00CABDB9 /* AppDelegate.swift in Sources */ = {isa = PBXBuildFile; fileRef = E24EC1D81DC1B97F00CABDB9 /* AppDelegate.swift */; };
		E24EC1DB1DC1B97F00CABDB9 /* ViewController.swift in Sources */ = {isa = PBXBuildFile; fileRef = E24EC1DA1DC1B97F00CABDB9 /* ViewController.swift */; };
		E24EC1DE1DC1B97F00CABDB9 /* Main.storyboard in Resources */ = {isa = PBXBuildFile; fileRef = E24EC1DC1DC1B97F00CABDB9 /* Main.storyboard */; };
		E24EC1E01DC1B97F00CABDB9 /* Assets.xcassets in Resources */ = {isa = PBXBuildFile; fileRef = E24EC1DF1DC1B97F00CABDB9 /* Assets.xcassets */; };
		E24EC1E31DC1B97F00CABDB9 /* LaunchScreen.storyboard in Resources */ = {isa = PBXBuildFile; fileRef = E24EC1E11DC1B97F00CABDB9 /* LaunchScreen.storyboard */; };
		E24EC1EB1DC1B9D000CABDB9 /* View2.swift in Sources */ = {isa = PBXBuildFile; fileRef = E24EC1EA1DC1B9D000CABDB9 /* View2.swift */; };
		E24EC1ED1DC1BE5100CABDB9 /* logo-to-share.png in Resources */ = {isa = PBXBuildFile; fileRef = E24EC1EC1DC1BE5100CABDB9 /* logo-to-share.png */; };
		E24EC1F21DC1BF0500CABDB9 /* icon-user-default.png in Resources */ = {isa = PBXBuildFile; fileRef = E24EC1EF1DC1BF0500CABDB9 /* icon-user-default.png */; };
		E24EC1F31DC1BF0500CABDB9 /* open-lock-icon.png in Resources */ = {isa = PBXBuildFile; fileRef = E24EC1F01DC1BF0500CABDB9 /* open-lock-icon.png */; };
		E24EC1F41DC1BF0500CABDB9 /* cloud.png in Resources */ = {isa = PBXBuildFile; fileRef = E24EC1F11DC1BF0500CABDB9 /* cloud.png */; };
		E24EC1F61DC1BFE100CABDB9 /* View3.swift in Sources */ = {isa = PBXBuildFile; fileRef = E24EC1F51DC1BFE100CABDB9 /* View3.swift */; };
		E24EC1FD1DC1C07C00CABDB9 /* square-xxl.png in Resources */ = {isa = PBXBuildFile; fileRef = E24EC1F71DC1C07C00CABDB9 /* square-xxl.png */; };
		E24EC1FE1DC1C07C00CABDB9 /* square.jpeg in Resources */ = {isa = PBXBuildFile; fileRef = E24EC1F81DC1C07C00CABDB9 /* square.jpeg */; };
		E24EC1FF1DC1C07C00CABDB9 /* square1.jpg in Resources */ = {isa = PBXBuildFile; fileRef = E24EC1F91DC1C07C00CABDB9 /* square1.jpg */; };
		E24EC2001DC1C07C00CABDB9 /* black.jpeg in Resources */ = {isa = PBXBuildFile; fileRef = E24EC1FA1DC1C07C00CABDB9 /* black.jpeg */; };
		E24EC2011DC1C07C00CABDB9 /* background_.jpg in Resources */ = {isa = PBXBuildFile; fileRef = E24EC1FB1DC1C07C00CABDB9 /* background_.jpg */; };
		E24EC2021DC1C07C00CABDB9 /* backgr.jpg in Resources */ = {isa = PBXBuildFile; fileRef = E24EC1FC1DC1C07C00CABDB9 /* backgr.jpg */; };
		E24EC2041DC1C2D800CABDB9 /* logoBtn.jpg in Resources */ = {isa = PBXBuildFile; fileRef = E24EC2031DC1C2D800CABDB9 /* logoBtn.jpg */; };
/* End PBXBuildFile section */

/* Begin PBXFileReference section */
		E24EC1D51DC1B97F00CABDB9 /* PushPop.app */ = {isa = PBXFileReference; explicitFileType = wrapper.application; includeInIndex = 0; path = PushPop.app; sourceTree = BUILT_PRODUCTS_DIR; };
		E24EC1D81DC1B97F00CABDB9 /* AppDelegate.swift */ = {isa = PBXFileReference; lastKnownFileType = sourcecode.swift; path = AppDelegate.swift; sourceTree = "<group>"; };
		E24EC1DA1DC1B97F00CABDB9 /* ViewController.swift */ = {isa = PBXFileReference; lastKnownFileType = sourcecode.swift; path = ViewController.swift; sourceTree = "<group>"; };
		E24EC1DD1DC1B97F00CABDB9 /* Base */ = {isa = PBXFileReference; lastKnownFileType = file.storyboard; name = Base; path = Base.lproj/Main.storyboard; sourceTree = "<group>"; };
		E24EC1DF1DC1B97F00CABDB9 /* Assets.xcassets */ = {isa = PBXFileReference; lastKnownFileType = folder.assetcatalog; path = Assets.xcassets; sourceTree = "<group>"; };
		E24EC1E21DC1B97F00CABDB9 /* Base */ = {isa = PBXFileReference; lastKnownFileType = file.storyboard; name = Base; path = Base.lproj/LaunchScreen.storyboard; sourceTree = "<group>"; };
		E24EC1E41DC1B97F00CABDB9 /* Info.plist */ = {isa = PBXFileReference; lastKnownFileType = text.plist.xml; path = Info.plist; sourceTree = "<group>"; };
		E24EC1EA1DC1B9D000CABDB9 /* View2.swift */ = {isa = PBXFileReference; fileEncoding = 4; lastKnownFileType = sourcecode.swift; path = View2.swift; sourceTree = "<group>"; };
		E24EC1EC1DC1BE5100CABDB9 /* logo-to-share.png */ = {isa = PBXFileReference; lastKnownFileType = image.png; path = "logo-to-share.png"; sourceTree = "<group>"; };
		E24EC1EF1DC1BF0500CABDB9 /* icon-user-default.png */ = {isa = PBXFileReference; lastKnownFileType = image.png; path = "icon-user-default.png"; sourceTree = "<group>"; };
		E24EC1F01DC1BF0500CABDB9 /* open-lock-icon.png */ = {isa = PBXFileReference; lastKnownFileType = image.png; path = "open-lock-icon.png"; sourceTree = "<group>"; };
		E24EC1F11DC1BF0500CABDB9 /* cloud.png */ = {isa = PBXFileReference; lastKnownFileType = image.png; path = cloud.png; sourceTree = "<group>"; };
		E24EC1F51DC1BFE100CABDB9 /* View3.swift */ = {isa = PBXFileReference; fileEncoding = 4; lastKnownFileType = sourcecode.swift; path = View3.swift; sourceTree = "<group>"; };
		E24EC1F71DC1C07C00CABDB9 /* square-xxl.png */ = {isa = PBXFileReference; lastKnownFileType = image.png; path = "square-xxl.png"; sourceTree = "<group>"; };
		E24EC1F81DC1C07C00CABDB9 /* square.jpeg */ = {isa = PBXFileReference; lastKnownFileType = image.jpeg; path = square.jpeg; sourceTree = "<group>"; };
		E24EC1F91DC1C07C00CABDB9 /* square1.jpg */ = {isa = PBXFileReference; lastKnownFileType = image.jpeg; path = square1.jpg; sourceTree = "<group>"; };
		E24EC1FA1DC1C07C00CABDB9 /* black.jpeg */ = {isa = PBXFileReference; lastKnownFileType = image.jpeg; path = black.jpeg; sourceTree = "<group>"; };
		E24EC1FB1DC1C07C00CABDB9 /* background_.jpg */ = {isa = PBXFileReference; lastKnownFileType = image.jpeg; path = background_.jpg; sourceTree = "<group>"; };
		E24EC1FC1DC1C07C00CABDB9 /* backgr.jpg */ = {isa = PBXFileReference; lastKnownFileType = image.jpeg; path = backgr.jpg; sourceTree = "<group>"; };
		E24EC2031DC1C2D800CABDB9 /* logoBtn.jpg */ = {isa = PBXFileReference; lastKnownFileType = image.jpeg; path = logoBtn.jpg; sourceTree = "<group>"; };
/* End PBXFileReference section */

/* Begin PBXFrameworksBuildPhase section */
		E24EC1D21DC1B97F00CABDB9 /* Frameworks */ = {
			isa = PBXFrameworksBuildPhase;
			buildActionMask = 2147483647;
			files = (
			);
			runOnlyForDeploymentPostprocessing = 0;
		};
/* End PBXFrameworksBuildPhase section */

/* Begin PBXGroup section */
		E24EC1CC1DC1B97F00CABDB9 = {
			isa = PBXGroup;
			children = (
				E24EC1D71DC1B97F00CABDB9 /* PushPop */,
				E24EC1D61DC1B97F00CABDB9 /* Products */,
			);
			sourceTree = "<group>";
		};
		E24EC1D61DC1B97F00CABDB9 /* Products */ = {
			isa = PBXGroup;
			children = (
				E24EC1D51DC1B97F00CABDB9 /* PushPop.app */,
			);
			name = Products;
			sourceTree = "<group>";
		};
		E24EC1D71DC1B97F00CABDB9 /* PushPop */ = {
			isa = PBXGroup;
			children = (
				E24EC1D81DC1B97F00CABDB9 /* AppDelegate.swift */,
				E24EC1DA1DC1B97F00CABDB9 /* ViewController.swift */,
				E24EC1EA1DC1B9D000CABDB9 /* View2.swift */,
				E24EC1DC1DC1B97F00CABDB9 /* Main.storyboard */,
				E24EC1DF1DC1B97F00CABDB9 /* Assets.xcassets */,
				E24EC1E11DC1B97F00CABDB9 /* LaunchScreen.storyboard */,
				E24EC1E41DC1B97F00CABDB9 /* Info.plist */,
				E24EC1EE1DC1BEE000CABDB9 /* img */,
				E24EC1F51DC1BFE100CABDB9 /* View3.swift */,
			);
			path = PushPop;
			sourceTree = "<group>";
		};
		E24EC1EE1DC1BEE000CABDB9 /* img */ = {
			isa = PBXGroup;
			children = (
				E24EC2031DC1C2D800CABDB9 /* logoBtn.jpg */,
				E24EC1EF1DC1BF0500CABDB9 /* icon-user-default.png */,
				E24EC1F71DC1C07C00CABDB9 /* square-xxl.png */,
				E24EC1F81DC1C07C00CABDB9 /* square.jpeg */,
				E24EC1F91DC1C07C00CABDB9 /* square1.jpg */,
				E24EC1FA1DC1C07C00CABDB9 /* black.jpeg */,
				E24EC1FB1DC1C07C00CABDB9 /* background_.jpg */,
				E24EC1FC1DC1C07C00CABDB9 /* backgr.jpg */,
				E24EC1F01DC1BF0500CABDB9 /* open-lock-icon.png */,
				E24EC1F11DC1BF0500CABDB9 /* cloud.png */,
				E24EC1EC1DC1BE5100CABDB9 /* logo-to-share.png */,
			);
			name = img;
			sourceTree = "<group>";
		};
/* End PBXGroup section */

/* Begin PBXNativeTarget section */
		E24EC1D41DC1B97F00CABDB9 /* PushPop */ = {
			isa = PBXNativeTarget;
			buildConfigurationList = E24EC1E71DC1B97F00CABDB9 /* Build configuration list for PBXNativeTarget "PushPop" */;
			buildPhases = (
				E24EC1D11DC1B97F00CABDB9 /* Sources */,
				E24EC1D21DC1B97F00CABDB9 /* Frameworks */,
				E24EC1D31DC1B97F00CABDB9 /* Resources */,
			);
			buildRules = (
			);
			dependencies = (
			);
			name = PushPop;
			productName = PushPop;
			productReference = E24EC1D51DC1B97F00CABDB9 /* PushPop.app */;
			productType = "com.apple.product-type.application";
		};
/* End PBXNativeTarget section */

/* Begin PBXProject section */
		E24EC1CD1DC1B97F00CABDB9 /* Project object */ = {
			isa = PBXProject;
			attributes = {
				LastSwiftUpdateCheck = 0800;
				LastUpgradeCheck = 0800;
				ORGANIZATIONNAME = techmaster;
				TargetAttributes = {
					E24EC1D41DC1B97F00CABDB9 = {
						CreatedOnToolsVersion = 8.0;
						ProvisioningStyle = Automatic;
					};
				};
			};
			buildConfigurationList = E24EC1D01DC1B97F00CABDB9 /* Build configuration list for PBXProject "PushPop" */;
			compatibilityVersion = "Xcode 3.2";
			developmentRegion = English;
			hasScannedForEncodings = 0;
			knownRegions = (
				en,
				Base,
			);
			mainGroup = E24EC1CC1DC1B97F00CABDB9;
			productRefGroup = E24EC1D61DC1B97F00CABDB9 /* Products */;
			projectDirPath = "";
			projectRoot = "";
			targets = (
				E24EC1D41DC1B97F00CABDB9 /* PushPop */,
			);
		};
/* End PBXProject section */

/* Begin PBXResourcesBuildPhase section */
		E24EC1D31DC1B97F00CABDB9 /* Resources */ = {
			isa = PBXResourcesBuildPhase;
			buildActionMask = 2147483647;
			files = (
				E24EC1E31DC1B97F00CABDB9 /* LaunchScreen.storyboard in Resources */,
				E24EC2041DC1C2D800CABDB9 /* logoBtn.jpg in Resources */,
				E24EC2011DC1C07C00CABDB9 /* background_.jpg in Resources */,
				E24EC1ED1DC1BE5100CABDB9 /* logo-to-share.png in Resources */,
				E24EC2001DC1C07C00CABDB9 /* black.jpeg in Resources */,
				E24EC1F41DC1BF0500CABDB9 /* cloud.png in Resources */,
				E24EC2021DC1C07C00CABDB9 /* backgr.jpg in Resources */,
				E24EC1FD1DC1C07C00CABDB9 /* square-xxl.png in Resources */,
				E24EC1E01DC1B97F00CABDB9 /* Assets.xcassets in Resources */,
				E24EC1FE1DC1C07C00CABDB9 /* square.jpeg in Resources */,
				E24EC1FF1DC1C07C00CABDB9 /* square1.jpg in Resources */,
				E24EC1F21DC1BF0500CABDB9 /* icon-user-default.png in Resources */,
				E24EC1DE1DC1B97F00CABDB9 /* Main.storyboard in Resources */,
				E24EC1F31DC1BF0500CABDB9 /* open-lock-icon.png in Resources */,
			);
			runOnlyForDeploymentPostprocessing = 0;
		};
/* End PBXResourcesBuildPhase section */

/* Begin PBXSourcesBuildPhase section */
		E24EC1D11DC1B97F00CABDB9 /* Sources */ = {
			isa = PBXSourcesBuildPhase;
			buildActionMask = 2147483647;
			files = (
				E24EC1F61DC1BFE100CABDB9 /* View3.swift in Sources */,
				E24EC1DB1DC1B97F00CABDB9 /* ViewController.swift in Sources */,
				E24EC1EB1DC1B9D000CABDB9 /* View2.swift in Sources */,
				E24EC1D91DC1B97F00CABDB9 /* AppDelegate.swift in Sources */,
			);
			runOnlyForDeploymentPostprocessing = 0;
		};
/* End PBXSourcesBuildPhase section */

/* Begin PBXVariantGroup section */
		E24EC1DC1DC1B97F00CABDB9 /* Main.storyboard */ = {
			isa = PBXVariantGroup;
			children = (
				E24EC1DD1DC1B97F00CABDB9 /* Base */,
			);
			name = Main.storyboard;
			sourceTree = "<group>";
		};
		E24EC1E11DC1B97F00CABDB9 /* LaunchScreen.storyboard */ = {
			isa = PBXVariantGroup;
			children = (
				E24EC1E21DC1B97F00CABDB9 /* Base */,
			);
			name = LaunchScreen.storyboard;
			sourceTree = "<group>";
		};
/* End PBXVariantGroup section */

/* Begin XCBuildConfiguration section */
		E24EC1E51DC1B97F00CABDB9 /* Debug */ = {
			isa = XCBuildConfiguration;
			buildSettings = {
				ALWAYS_SEARCH_USER_PATHS = NO;
				CLANG_ANALYZER_NONNULL = YES;
				CLANG_CXX_LANGUAGE_STANDARD = "gnu++0x";
				CLANG_CXX_LIBRARY = "libc++";
				CLANG_ENABLE_MODULES = YES;
				CLANG_ENABLE_OBJC_ARC = YES;
				CLANG_WARN_BOOL_CONVERSION = YES;
				CLANG_WARN_CONSTANT_CONVERSION = YES;
				CLANG_WARN_DIRECT_OBJC_ISA_USAGE = YES_ERROR;
				CLANG_WARN_DOCUMENTATION_COMMENTS = YES;
				CLANG_WARN_EMPTY_BODY = YES;
				CLANG_WARN_ENUM_CONVERSION = YES;
				CLANG_WARN_INFINITE_RECURSION = YES;
				CLANG_WARN_INT_CONVERSION = YES;
				CLANG_WARN_OBJC_ROOT_CLASS = YES_ERROR;
				CLANG_WARN_SUSPICIOUS_MOVES = YES;
				CLANG_WARN_UNREACHABLE_CODE = YES;
				CLANG_WARN__DUPLICATE_METHOD_MATCH = YES;
				"CODE_SIGN_IDENTITY[sdk=iphoneos*]" = "iPhone Developer";
				COPY_PHASE_STRIP = NO;
				DEBUG_INFORMATION_FORMAT = dwarf;
				ENABLE_STRICT_OBJC_MSGSEND = YES;
				ENABLE_TESTABILITY = YES;
				GCC_C_LANGUAGE_STANDARD = gnu99;
				GCC_DYNAMIC_NO_PIC = NO;
				GCC_NO_COMMON_BLOCKS = YES;
				GCC_OPTIMIZATION_LEVEL = 0;
				GCC_PREPROCESSOR_DEFINITIONS = (
					"DEBUG=1",
					"$(inherited)",
				);
				GCC_WARN_64_TO_32_BIT_CONVERSION = YES;
				GCC_WARN_ABOUT_RETURN_TYPE = YES_ERROR;
				GCC_WARN_UNDECLARED_SELECTOR = YES;
				GCC_WARN_UNINITIALIZED_AUTOS = YES_AGGRESSIVE;
				GCC_WARN_UNUSED_FUNCTION = YES;
				GCC_WARN_UNUSED_VARIABLE = YES;
				IPHONEOS_DEPLOYMENT_TARGET = 10.0;
				MTL_ENABLE_DEBUG_INFO = YES;
				ONLY_ACTIVE_ARCH = YES;
				SDKROOT = iphoneos;
				SWIFT_ACTIVE_COMPILATION_CONDITIONS = DEBUG;
				SWIFT_OPTIMIZATION_LEVEL = "-Onone";
			};
			name = Debug;
		};
		E24EC1E61DC1B97F00CABDB9 /* Release */ = {
			isa = XCBuildConfiguration;
			buildSettings = {
				ALWAYS_SEARCH_USER_PATHS = NO;
				CLANG_ANALYZER_NONNULL = YES;
				CLANG_CXX_LANGUAGE_STANDARD = "gnu++0x";
				CLANG_CXX_LIBRARY = "libc++";
				CLANG_ENABLE_MODULES = YES;
				CLANG_ENABLE_OBJC_ARC = YES;
				CLANG_WARN_BOOL_CONVERSION = YES;
				CLANG_WARN_CONSTANT_CONVERSION = YES;
				CLANG_WARN_DIRECT_OBJC_ISA_USAGE = YES_ERROR;
				CLANG_WARN_DOCUMENTATION_COMMENTS = YES;
				CLANG_WARN_EMPTY_BODY = YES;
				CLANG_WARN_ENUM_CONVERSION = YES;
				CLANG_WARN_INFINITE_RECURSION = YES;
				CLANG_WARN_INT_CONVERSION = YES;
				CLANG_WARN_OBJC_ROOT_CLASS = YES_ERROR;
				CLANG_WARN_SUSPICIOUS_MOVES = YES;
				CLANG_WARN_UNREACHABLE_CODE = YES;
				CLANG_WARN__DUPLICATE_METHOD_MATCH = YES;
				"CODE_SIGN_IDENTITY[sdk=iphoneos*]" = "iPhone Developer";
				COPY_PHASE_STRIP = NO;
				DEBUG_INFORMATION_FORMAT = "dwarf-with-dsym";
				ENABLE_NS_ASSERTIONS = NO;
				ENABLE_STRICT_OBJC_MSGSEND = YES;
				GCC_C_LANGUAGE_STANDARD = gnu99;
				GCC_NO_COMMON_BLOCKS = YES;
				GCC_WARN_64_TO_32_BIT_CONVERSION = YES;
				GCC_WARN_ABOUT_RETURN_TYPE = YES_ERROR;
				GCC_WARN_UNDECLARED_SELECTOR = YES;
				GCC_WARN_UNINITIALIZED_AUTOS = YES_AGGRESSIVE;
				GCC_WARN_UNUSED_FUNCTION = YES;
				GCC_WARN_UNUSED_VARIABLE = YES;
				IPHONEOS_DEPLOYMENT_TARGET = 10.0;
				MTL_ENABLE_DEBUG_INFO = NO;
				SDKROOT = iphoneos;
				SWIFT_OPTIMIZATION_LEVEL = "-Owholemodule";
				VALIDATE_PRODUCT = YES;
			};
			name = Release;
		};
		E24EC1E81DC1B97F00CABDB9 /* Debug */ = {
			isa = XCBuildConfiguration;
			buildSettings = {
				ASSETCATALOG_COMPILER_APPICON_NAME = AppIcon;
				INFOPLIST_FILE = PushPop/Info.plist;
				LD_RUNPATH_SEARCH_PATHS = "$(inherited) @executable_path/Frameworks";
				PRODUCT_BUNDLE_IDENTIFIER = example.PushPop;
				PRODUCT_NAME = "$(TARGET_NAME)";
				SWIFT_VERSION = 3.0;
			};
			name = Debug;
		};
		E24EC1E91DC1B97F00CABDB9 /* Release */ = {
			isa = XCBuildConfiguration;
			buildSettings = {
				ASSETCATALOG_COMPILER_APPICON_NAME = AppIcon;
				INFOPLIST_FILE = PushPop/Info.plist;
				LD_RUNPATH_SEARCH_PATHS = "$(inherited) @executable_path/Frameworks";
				PRODUCT_BUNDLE_IDENTIFIER = example.PushPop;
				PRODUCT_NAME = "$(TARGET_NAME)";
				SWIFT_VERSION = 3.0;
			};
			name = Release;
		};
/* End XCBuildConfiguration section */

/* Begin XCConfigurationList section */
		E24EC1D01DC1B97F00CABDB9 /* Build configuration list for PBXProject "PushPop" */ = {
			isa = XCConfigurationList;
			buildConfigurations = (
				E24EC1E51DC1B97F00CABDB9 /* Debug */,
				E24EC1E61DC1B97F00CABDB9 /* Release */,
			);
			defaultConfigurationIsVisible = 0;
			defaultConfigurationName = Release;
		};
		E24EC1E71DC1B97F00CABDB9 /* Build configuration list for PBXNativeTarget "PushPop" */ = {
			isa = XCConfigurationList;
			buildConfigurations = (
				E24EC1E81DC1B97F00CABDB9 /* Debug */,
				E24EC1E91DC1B97F00CABDB9 /* Release */,
			);
			defaultConfigurationIsVisible = 0;
			defaultConfigurationName = Release;
		};
/* End XCConfigurationList section */
	};
	rootObject = E24EC1CD1DC1B97F00CABDB9 /* Project object */;
}
